
Microsoft Visual Studio Solution File, Format Version 12.00
# Visual Studio Version 17
VisualStudioVersion = 17.14.36518.9
MinimumVisualStudioVersion = 10.0.40219.1
Project("{2150E333-8FDC-42A3-9474-1A3956D46DE8}") = "Boostrapter", "Boostrapter", "{02EA681E-C7D8-13C7-8484-4AC65E1B71E8}"
EndProject
Project("{2150E333-8FDC-42A3-9474-1A3956D46DE8}") = "Modules", "Modules", "{C7D97C3D-3524-4D84-9F51-47338402E00D}"
EndProject
Project("{2150E333-8FDC-42A3-9474-1A3956D46DE8}") = "Shared", "Shared", "{903062D4-4612-4F74-9410-BB8ABB23091C}"
EndProject
Project("{FAE04EC0-301F-11D3-BF4B-00C04F79EFBC}") = "Api", "Api\Api.csproj", "{4F835E6D-F38B-437E-8DBF-435FED0B13DF}"
EndProject
Project("{2150E333-8FDC-42A3-9474-1A3956D46DE8}") = "Basket", "Basket", "{0593FF21-DF3E-44C0-B9F1-2A2D397FC978}"
EndProject
Project("{2150E333-8FDC-42A3-9474-1A3956D46DE8}") = "Catalog", "Catalog", "{2FB4F2D7-9D0E-4D06-A63F-9399488A039C}"
EndProject
Project("{2150E333-8FDC-42A3-9474-1A3956D46DE8}") = "Ordering", "Ordering", "{5335FBCF-6A7E-4BB3-B251-DB327F946BA8}"
EndProject
Project("{FAE04EC0-301F-11D3-BF4B-00C04F79EFBC}") = "Catalog", "Catalog\Catalog.csproj", "{12F7C966-30A3-42D9-83C0-574906001572}"
EndProject
Project("{FAE04EC0-301F-11D3-BF4B-00C04F79EFBC}") = "Basket", "Basket\Basket.csproj", "{FA0F38E2-DF0E-4F65-96A4-4E07F6203938}"
EndProject
Project("{FAE04EC0-301F-11D3-BF4B-00C04F79EFBC}") = "Ordering", "Ordering\Ordering.csproj", "{89A0CB14-BEFB-435C-8CCA-F38AA7DDF458}"
EndProject
Project("{FAE04EC0-301F-11D3-BF4B-00C04F79EFBC}") = "Shared", "Shared\Shared.csproj", "{E1C44B57-379F-49BB-8712-793B1A5A9A12}"
EndProject
Global
	GlobalSection(SolutionConfigurationPlatforms) = preSolution
		Debug|Any CPU = Debug|Any CPU
		Release|Any CPU = Release|Any CPU
	EndGlobalSection
	GlobalSection(ProjectConfigurationPlatforms) = postSolution
		{4F835E6D-F38B-437E-8DBF-435FED0B13DF}.Debug|Any CPU.ActiveCfg = Debug|Any CPU
		{4F835E6D-F38B-437E-8DBF-435FED0B13DF}.Debug|Any CPU.Build.0 = Debug|Any CPU
		{4F835E6D-F38B-437E-8DBF-435FED0B13DF}.Release|Any CPU.ActiveCfg = Release|Any CPU
		{4F835E6D-F38B-437E-8DBF-435FED0B13DF}.Release|Any CPU.Build.0 = Release|Any CPU
		{12F7C966-30A3-42D9-83C0-574906001572}.Debug|Any CPU.ActiveCfg = Debug|Any CPU
		{12F7C966-30A3-42D9-83C0-574906001572}.Debug|Any CPU.Build.0 = Debug|Any CPU
		{12F7C966-30A3-42D9-83C0-574906001572}.Release|Any CPU.ActiveCfg = Release|Any CPU
		{12F7C966-30A3-42D9-83C0-574906001572}.Release|Any CPU.Build.0 = Release|Any CPU
		{FA0F38E2-DF0E-4F65-96A4-4E07F6203938}.Debug|Any CPU.ActiveCfg = Debug|Any CPU
		{FA0F38E2-DF0E-4F65-96A4-4E07F6203938}.Debug|Any CPU.Build.0 = Debug|Any CPU
		{FA0F38E2-DF0E-4F65-96A4-4E07F6203938}.Release|Any CPU.ActiveCfg = Release|Any CPU
		{FA0F38E2-DF0E-4F65-96A4-4E07F6203938}.Release|Any CPU.Build.0 = Release|Any CPU
		{89A0CB14-BEFB-435C-8CCA-F38AA7DDF458}.Debug|Any CPU.ActiveCfg = Debug|Any CPU
		{89A0CB14-BEFB-435C-8CCA-F38AA7DDF458}.Debug|Any CPU.Build.0 = Debug|Any CPU
		{89A0CB14-BEFB-435C-8CCA-F38AA7DDF458}.Release|Any CPU.ActiveCfg = Release|Any CPU
		{89A0CB14-BEFB-435C-8CCA-F38AA7DDF458}.Release|Any CPU.Build.0 = Release|Any CPU
		{E1C44B57-379F-49BB-8712-793B1A5A9A12}.Debug|Any CPU.ActiveCfg = Debug|Any CPU
		{E1C44B57-379F-49BB-8712-793B1A5A9A12}.Debug|Any CPU.Build.0 = Debug|Any CPU
		{E1C44B57-379F-49BB-8712-793B1A5A9A12}.Release|Any CPU.ActiveCfg = Release|Any CPU
		{E1C44B57-379F-49BB-8712-793B1A5A9A12}.Release|Any CPU.Build.0 = Release|Any CPU
	EndGlobalSection
	GlobalSection(SolutionProperties) = preSolution
		HideSolutionNode = FALSE
	EndGlobalSection
	GlobalSection(NestedProjects) = preSolution
		{4F835E6D-F38B-437E-8DBF-435FED0B13DF} = {02EA681E-C7D8-13C7-8484-4AC65E1B71E8}
		{0593FF21-DF3E-44C0-B9F1-2A2D397FC978} = {C7D97C3D-3524-4D84-9F51-47338402E00D}
		{2FB4F2D7-9D0E-4D06-A63F-9399488A039C} = {C7D97C3D-3524-4D84-9F51-47338402E00D}
		{5335FBCF-6A7E-4BB3-B251-DB327F946BA8} = {C7D97C3D-3524-4D84-9F51-47338402E00D}
		{12F7C966-30A3-42D9-83C0-574906001572} = {2FB4F2D7-9D0E-4D06-A63F-9399488A039C}
		{FA0F38E2-DF0E-4F65-96A4-4E07F6203938} = {0593FF21-DF3E-44C0-B9F1-2A2D397FC978}
		{89A0CB14-BEFB-435C-8CCA-F38AA7DDF458} = {5335FBCF-6A7E-4BB3-B251-DB327F946BA8}
		{E1C44B57-379F-49BB-8712-793B1A5A9A12} = {903062D4-4612-4F74-9410-BB8ABB23091C}
	EndGlobalSection
	GlobalSection(ExtensibilityGlobals) = postSolution
		SolutionGuid = {FF387311-A26D-4842-AEB7-AFFEBBDB6276}
	EndGlobalSection
EndGlobal
